
Microsoft Visual Studio Solution File, Format Version 12.00
Project("{FAE04EC0-301F-11D3-BF4B-00C04F79EFBC}") = "Nuages.QueueService", "Nuages.QueueService\Nuages.QueueService.csproj", "{2E105ECC-0216-4128-9421-CB0D47AD3F44}"
EndProject
Project("{FAE04EC0-301F-11D3-BF4B-00C04F79EFBC}") = "Nuages.QueueService.SQS", "Nuages.QueueService.SQS\Nuages.QueueService.SQS.csproj", "{104A6400-35AA-4DA4-A92D-9C76D72A74B5}"
EndProject
Project("{FAE04EC0-301F-11D3-BF4B-00C04F79EFBC}") = "Demo.API", "Demo.API\Demo.API.csproj", "{AACB58C4-980C-4478-B917-18E0395D1087}"
EndProject
Global
	GlobalSection(SolutionConfigurationPlatforms) = preSolution
		Debug|Any CPU = Debug|Any CPU
		Release|Any CPU = Release|Any CPU
	EndGlobalSection
	GlobalSection(ProjectConfigurationPlatforms) = postSolution
		{2E105ECC-0216-4128-9421-CB0D47AD3F44}.Debug|Any CPU.ActiveCfg = Debug|Any CPU
		{2E105ECC-0216-4128-9421-CB0D47AD3F44}.Debug|Any CPU.Build.0 = Debug|Any CPU
		{2E105ECC-0216-4128-9421-CB0D47AD3F44}.Release|Any CPU.ActiveCfg = Release|Any CPU
		{2E105ECC-0216-4128-9421-CB0D47AD3F44}.Release|Any CPU.Build.0 = Release|Any CPU
		{104A6400-35AA-4DA4-A92D-9C76D72A74B5}.Debug|Any CPU.ActiveCfg = Debug|Any CPU
		{104A6400-35AA-4DA4-A92D-9C76D72A74B5}.Debug|Any CPU.Build.0 = Debug|Any CPU
		{104A6400-35AA-4DA4-A92D-9C76D72A74B5}.Release|Any CPU.ActiveCfg = Release|Any CPU
		{104A6400-35AA-4DA4-A92D-9C76D72A74B5}.Release|Any CPU.Build.0 = Release|Any CPU
		{AACB58C4-980C-4478-B917-18E0395D1087}.Debug|Any CPU.ActiveCfg = Debug|Any CPU
		{AACB58C4-980C-4478-B917-18E0395D1087}.Debug|Any CPU.Build.0 = Debug|Any CPU
		{AACB58C4-980C-4478-B917-18E0395D1087}.Release|Any CPU.ActiveCfg = Release|Any CPU
		{AACB58C4-980C-4478-B917-18E0395D1087}.Release|Any CPU.Build.0 = Release|Any CPU
	EndGlobalSection
	GlobalSection(NestedProjects) = preSolution
	EndGlobalSection
EndGlobal
